
Microsoft Visual Studio Solution File, Format Version 12.00
# Visual Studio Version 16
VisualStudioVersion = 16.0.31313.79
MinimumVisualStudioVersion = 10.0.40219.1
Project("{FAE04EC0-301F-11D3-BF4B-00C04F79EFBC}") = "PI_QSV", "PI_QSV\PI_QSV.csproj", "{D602D85C-238C-4435-AC13-6866C5FA3368}"
EndProject
Global
	GlobalSection(SolutionConfigurationPlatforms) = preSolution
		Debug|Any CPU = Debug|Any CPU
		Release|Any CPU = Release|Any CPU
	EndGlobalSection
	GlobalSection(ProjectConfigurationPlatforms) = postSolution
		{D602D85C-238C-4435-AC13-6866C5FA3368}.Debug|Any CPU.ActiveCfg = Debug|Any CPU
		{D602D85C-238C-4435-AC13-6866C5FA3368}.Debug|Any CPU.Build.0 = Debug|Any CPU
		{D602D85C-238C-4435-AC13-6866C5FA3368}.Release|Any CPU.ActiveCfg = Release|Any CPU
		{D602D85C-238C-4435-AC13-6866C5FA3368}.Release|Any CPU.Build.0 = Release|Any CPU
	EndGlobalSection
	GlobalSection(SolutionProperties) = preSolution
		HideSolutionNode = FALSE
	EndGlobalSection
	GlobalSection(ExtensibilityGlobals) = postSolution
		SolutionGuid = {D9F18A17-2C1D-4753-BC49-9F5C933E61C8}
	EndGlobalSection
EndGlobal
